{
  "name": "package-export-condition-errors",
  "lockfileVersion": 3,
  "requires": true,
  "packages": {
    "": {
      "dependencies": {
        "node-package": "file:./packages/node-package"
      }
    },
    "broken-node-package": {
      "version": "1.0.0",
      "extraneous": true
    },
    "node_modules/node-package": {
      "resolved": "packages/node-package",
      "link": true
    },
    "packages/broken-node-package": {
      "version": "1.0.0",
      "extraneous": true
    },
    "packages/node-package": {
      "version": "1.0.0"
    },
    "packages/proper-node-package": {
      "name": "broken-node-package",
      "version": "1.0.0",
      "extraneous": true
    }
  }
}
